// !$*UTF8*$!
{
	archiveVersion = 1;
	classes = {
	};
	objectVersion = 56;
	objects = {

/* Begin PBXBuildFile section */
		FE0B87F62BCB0C5A00B8B12A /* CalendarModel.swift in Sources */ = {isa = PBXBuildFile; fileRef = FE0B87F52BCB0C5A00B8B12A /* CalendarModel.swift */; };
		FE0B87F82BCB0C7800B8B12A /* CalendarView.swift in Sources */ = {isa = PBXBuildFile; fileRef = FE0B87F72BCB0C7800B8B12A /* CalendarView.swift */; };
		FE0B87FA2BCB119D00B8B12A /* GraphModel.swift in Sources */ = {isa = PBXBuildFile; fileRef = FE0B87F92BCB119D00B8B12A /* GraphModel.swift */; };
		FE0B87FC2BCC598E00B8B12A /* TableModel.swift in Sources */ = {isa = PBXBuildFile; fileRef = FE0B87FB2BCC598E00B8B12A /* TableModel.swift */; };
		FE200D912B7D19E400707B85 /* TSA_Engineering_DesignApp.swift in Sources */ = {isa = PBXBuildFile; fileRef = FE200D902B7D19E400707B85 /* TSA_Engineering_DesignApp.swift */; };
		FE200D932B7D19E400707B85 /* ContentView.swift in Sources */ = {isa = PBXBuildFile; fileRef = FE200D922B7D19E400707B85 /* ContentView.swift */; };
		FE200D952B7D19E500707B85 /* Assets.xcassets in Resources */ = {isa = PBXBuildFile; fileRef = FE200D942B7D19E500707B85 /* Assets.xcassets */; };
		FE200D982B7D19E500707B85 /* Preview Assets.xcassets in Resources */ = {isa = PBXBuildFile; fileRef = FE200D972B7D19E500707B85 /* Preview Assets.xcassets */; };
		FE2DFAB82BCDA9CC00F3DDB0 /* ArbitraryGraph.swift in Sources */ = {isa = PBXBuildFile; fileRef = FE2DFAB72BCDA9CC00F3DDB0 /* ArbitraryGraph.swift */; };
		FE40A14D2B82B9F1009BE1C8 /* GraphView.swift in Sources */ = {isa = PBXBuildFile; fileRef = FE40A14C2B82B9F1009BE1C8 /* GraphView.swift */; };
		FE40A1522B82BA37009BE1C8 /* DietView.swift in Sources */ = {isa = PBXBuildFile; fileRef = FE40A1512B82BA37009BE1C8 /* DietView.swift */; };
		FEBAF0E02B82F4750062C23C /* Data.swift in Sources */ = {isa = PBXBuildFile; fileRef = FEBAF0DF2B82F4750062C23C /* Data.swift */; };
/* End PBXBuildFile section */

/* Begin PBXFileReference section */
		FE0B87F52BCB0C5A00B8B12A /* CalendarModel.swift */ = {isa = PBXFileReference; lastKnownFileType = sourcecode.swift; path = CalendarModel.swift; sourceTree = "<group>"; };
		FE0B87F72BCB0C7800B8B12A /* CalendarView.swift */ = {isa = PBXFileReference; lastKnownFileType = sourcecode.swift; path = CalendarView.swift; sourceTree = "<group>"; };
		FE0B87F92BCB119D00B8B12A /* GraphModel.swift */ = {isa = PBXFileReference; lastKnownFileType = sourcecode.swift; path = GraphModel.swift; sourceTree = "<group>"; };
		FE0B87FB2BCC598E00B8B12A /* TableModel.swift */ = {isa = PBXFileReference; lastKnownFileType = sourcecode.swift; path = TableModel.swift; sourceTree = "<group>"; };
		FE200D8D2B7D19E400707B85 /* TSA Engineering Design.app */ = {isa = PBXFileReference; explicitFileType = wrapper.application; includeInIndex = 0; path = "TSA Engineering Design.app"; sourceTree = BUILT_PRODUCTS_DIR; };
		FE200D902B7D19E400707B85 /* TSA_Engineering_DesignApp.swift */ = {isa = PBXFileReference; lastKnownFileType = sourcecode.swift; path = TSA_Engineering_DesignApp.swift; sourceTree = "<group>"; };
		FE200D922B7D19E400707B85 /* ContentView.swift */ = {isa = PBXFileReference; lastKnownFileType = sourcecode.swift; path = ContentView.swift; sourceTree = "<group>"; };
		FE200D942B7D19E500707B85 /* Assets.xcassets */ = {isa = PBXFileReference; lastKnownFileType = folder.assetcatalog; path = Assets.xcassets; sourceTree = "<group>"; };
		FE200D972B7D19E500707B85 /* Preview Assets.xcassets */ = {isa = PBXFileReference; lastKnownFileType = folder.assetcatalog; path = "Preview Assets.xcassets"; sourceTree = "<group>"; };
		FE2DFAB72BCDA9CC00F3DDB0 /* ArbitraryGraph.swift */ = {isa = PBXFileReference; lastKnownFileType = sourcecode.swift; path = ArbitraryGraph.swift; sourceTree = "<group>"; };
		FE40A14C2B82B9F1009BE1C8 /* GraphView.swift */ = {isa = PBXFileReference; lastKnownFileType = sourcecode.swift; path = GraphView.swift; sourceTree = "<group>"; };
		FE40A1512B82BA37009BE1C8 /* DietView.swift */ = {isa = PBXFileReference; lastKnownFileType = sourcecode.swift; path = DietView.swift; sourceTree = "<group>"; };
		FEBAF0DF2B82F4750062C23C /* Data.swift */ = {isa = PBXFileReference; lastKnownFileType = sourcecode.swift; path = Data.swift; sourceTree = "<group>"; };
/* End PBXFileReference section */

/* Begin PBXFrameworksBuildPhase section */
		FE200D8A2B7D19E400707B85 /* Frameworks */ = {
			isa = PBXFrameworksBuildPhase;
			buildActionMask = 2147483647;
			files = (
			);
			runOnlyForDeploymentPostprocessing = 0;
		};
/* End PBXFrameworksBuildPhase section */

/* Begin PBXGroup section */
		FE0B87F42BCB0C2F00B8B12A /* Models */ = {
			isa = PBXGroup;
			children = (
				FE0B87F52BCB0C5A00B8B12A /* CalendarModel.swift */,
				FE0B87F92BCB119D00B8B12A /* GraphModel.swift */,
				FE2DFAB72BCDA9CC00F3DDB0 /* ArbitraryGraph.swift */,
				FE0B87FB2BCC598E00B8B12A /* TableModel.swift */,
			);
			path = Models;
			sourceTree = "<group>";
		};
		FE200D842B7D19E400707B85 = {
			isa = PBXGroup;
			children = (
				FE200D8F2B7D19E400707B85 /* TSA Engineering Design */,
				FE200D8E2B7D19E400707B85 /* Products */,
			);
			sourceTree = "<group>";
		};
		FE200D8E2B7D19E400707B85 /* Products */ = {
			isa = PBXGroup;
			children = (
				FE200D8D2B7D19E400707B85 /* TSA Engineering Design.app */,
			);
			name = Products;
			sourceTree = "<group>";
		};
		FE200D8F2B7D19E400707B85 /* TSA Engineering Design */ = {
			isa = PBXGroup;
			children = (
				FE40A1532B82BBF6009BE1C8 /* Statistics */,
				FE40A14E2B82B9F5009BE1C8 /* Views */,
				FE200D902B7D19E400707B85 /* TSA_Engineering_DesignApp.swift */,
				FE0B87F42BCB0C2F00B8B12A /* Models */,
				FE200D942B7D19E500707B85 /* Assets.xcassets */,
				FE200D962B7D19E500707B85 /* Preview Content */,
			);
			path = "TSA Engineering Design";
			sourceTree = "<group>";
		};
		FE200D962B7D19E500707B85 /* Preview Content */ = {
			isa = PBXGroup;
			children = (
				FE200D972B7D19E500707B85 /* Preview Assets.xcassets */,
			);
			path = "Preview Content";
			sourceTree = "<group>";
		};
		FE40A14E2B82B9F5009BE1C8 /* Views */ = {
			isa = PBXGroup;
			children = (
				FE40A14C2B82B9F1009BE1C8 /* GraphView.swift */,
				FE0B87F72BCB0C7800B8B12A /* CalendarView.swift */,
				FE40A1512B82BA37009BE1C8 /* DietView.swift */,
				FE200D922B7D19E400707B85 /* ContentView.swift */,
			);
			path = Views;
			sourceTree = "<group>";
		};
		FE40A1532B82BBF6009BE1C8 /* Statistics */ = {
			isa = PBXGroup;
			children = (
				FEBAF0DF2B82F4750062C23C /* Data.swift */,
			);
			path = Statistics;
			sourceTree = "<group>";
		};
/* End PBXGroup section */

/* Begin PBXNativeTarget section */
		FE200D8C2B7D19E400707B85 /* TSA Engineering Design */ = {
			isa = PBXNativeTarget;
			buildConfigurationList = FE200D9B2B7D19E500707B85 /* Build configuration list for PBXNativeTarget "TSA Engineering Design" */;
			buildPhases = (
				FE200D892B7D19E400707B85 /* Sources */,
				FE200D8A2B7D19E400707B85 /* Frameworks */,
				FE200D8B2B7D19E400707B85 /* Resources */,
			);
			buildRules = (
			);
			dependencies = (
			);
			name = "TSA Engineering Design";
			productName = "TSA Engineering Design";
			productReference = FE200D8D2B7D19E400707B85 /* TSA Engineering Design.app */;
			productType = "com.apple.product-type.application";
		};
/* End PBXNativeTarget section */

/* Begin PBXProject section */
		FE200D852B7D19E400707B85 /* Project object */ = {
			isa = PBXProject;
			attributes = {
				BuildIndependentTargetsInParallel = 1;
				LastSwiftUpdateCheck = 1430;
				LastUpgradeCheck = 1430;
				TargetAttributes = {
					FE200D8C2B7D19E400707B85 = {
						CreatedOnToolsVersion = 14.3.1;
					};
				};
			};
			buildConfigurationList = FE200D882B7D19E400707B85 /* Build configuration list for PBXProject "TSA Engineering Design" */;
			compatibilityVersion = "Xcode 14.0";
			developmentRegion = en;
			hasScannedForEncodings = 0;
			knownRegions = (
				en,
				Base,
			);
			mainGroup = FE200D842B7D19E400707B85;
			productRefGroup = FE200D8E2B7D19E400707B85 /* Products */;
			projectDirPath = "";
			projectRoot = "";
			targets = (
				FE200D8C2B7D19E400707B85 /* TSA Engineering Design */,
			);
		};
/* End PBXProject section */

/* Begin PBXResourcesBuildPhase section */
		FE200D8B2B7D19E400707B85 /* Resources */ = {
			isa = PBXResourcesBuildPhase;
			buildActionMask = 2147483647;
			files = (
				FE200D982B7D19E500707B85 /* Preview Assets.xcassets in Resources */,
				FE200D952B7D19E500707B85 /* Assets.xcassets in Resources */,
			);
			runOnlyForDeploymentPostprocessing = 0;
		};
/* End PBXResourcesBuildPhase section */

/* Begin PBXSourcesBuildPhase section */
		FE200D892B7D19E400707B85 /* Sources */ = {
			isa = PBXSourcesBuildPhase;
			buildActionMask = 2147483647;
			files = (
				FE0B87F62BCB0C5A00B8B12A /* CalendarModel.swift in Sources */,
				FEBAF0E02B82F4750062C23C /* Data.swift in Sources */,
				FE0B87F82BCB0C7800B8B12A /* CalendarView.swift in Sources */,
				FE2DFAB82BCDA9CC00F3DDB0 /* ArbitraryGraph.swift in Sources */,
				FE40A1522B82BA37009BE1C8 /* DietView.swift in Sources */,
				FE200D932B7D19E400707B85 /* ContentView.swift in Sources */,
				FE200D912B7D19E400707B85 /* TSA_Engineering_DesignApp.swift in Sources */,
				FE40A14D2B82B9F1009BE1C8 /* GraphView.swift in Sources */,
				FE0B87FA2BCB119D00B8B12A /* GraphModel.swift in Sources */,
				FE0B87FC2BCC598E00B8B12A /* TableModel.swift in Sources */,
			);
			runOnlyForDeploymentPostprocessing = 0;
		};
/* End PBXSourcesBuildPhase section */

/* Begin XCBuildConfiguration section */
		FE200D992B7D19E500707B85 /* Debug */ = {
			isa = XCBuildConfiguration;
			buildSettings = {
				ALWAYS_SEARCH_USER_PATHS = NO;
				CLANG_ANALYZER_NONNULL = YES;
				CLANG_ANALYZER_NUMBER_OBJECT_CONVERSION = YES_AGGRESSIVE;
				CLANG_CXX_LANGUAGE_STANDARD = "gnu++20";
				CLANG_ENABLE_MODULES = YES;
				CLANG_ENABLE_OBJC_ARC = YES;
				CLANG_ENABLE_OBJC_WEAK = YES;
				CLANG_WARN_BLOCK_CAPTURE_AUTORELEASING = YES;
				CLANG_WARN_BOOL_CONVERSION = YES;
				CLANG_WARN_COMMA = YES;
				CLANG_WARN_CONSTANT_CONVERSION = YES;
				CLANG_WARN_DEPRECATED_OBJC_IMPLEMENTATIONS = YES;
				CLANG_WARN_DIRECT_OBJC_ISA_USAGE = YES_ERROR;
				CLANG_WARN_DOCUMENTATION_COMMENTS = YES;
				CLANG_WARN_EMPTY_BODY = YES;
				CLANG_WARN_ENUM_CONVERSION = YES;
				CLANG_WARN_INFINITE_RECURSION = YES;
				CLANG_WARN_INT_CONVERSION = YES;
				CLANG_WARN_NON_LITERAL_NULL_CONVERSION = YES;
				CLANG_WARN_OBJC_IMPLICIT_RETAIN_SELF = YES;
				CLANG_WARN_OBJC_LITERAL_CONVERSION = YES;
				CLANG_WARN_OBJC_ROOT_CLASS = YES_ERROR;
				CLANG_WARN_QUOTED_INCLUDE_IN_FRAMEWORK_HEADER = YES;
				CLANG_WARN_RANGE_LOOP_ANALYSIS = YES;
				CLANG_WARN_STRICT_PROTOTYPES = YES;
				CLANG_WARN_SUSPICIOUS_MOVE = YES;
				CLANG_WARN_UNGUARDED_AVAILABILITY = YES_AGGRESSIVE;
				CLANG_WARN_UNREACHABLE_CODE = YES;
				CLANG_WARN__DUPLICATE_METHOD_MATCH = YES;
				COPY_PHASE_STRIP = NO;
				DEBUG_INFORMATION_FORMAT = dwarf;
				ENABLE_STRICT_OBJC_MSGSEND = YES;
				ENABLE_TESTABILITY = YES;
				GCC_C_LANGUAGE_STANDARD = gnu11;
				GCC_DYNAMIC_NO_PIC = NO;
				GCC_NO_COMMON_BLOCKS = YES;
				GCC_OPTIMIZATION_LEVEL = 0;
				GCC_PREPROCESSOR_DEFINITIONS = (
					"DEBUG=1",
					"$(inherited)",
				);
				GCC_WARN_64_TO_32_BIT_CONVERSION = YES;
				GCC_WARN_ABOUT_RETURN_TYPE = YES_ERROR;
				GCC_WARN_UNDECLARED_SELECTOR = YES;
				GCC_WARN_UNINITIALIZED_AUTOS = YES_AGGRESSIVE;
				GCC_WARN_UNUSED_FUNCTION = YES;
				GCC_WARN_UNUSED_VARIABLE = YES;
				IPHONEOS_DEPLOYMENT_TARGET = 16.4;
				MTL_ENABLE_DEBUG_INFO = INCLUDE_SOURCE;
				MTL_FAST_MATH = YES;
				ONLY_ACTIVE_ARCH = YES;
				SDKROOT = iphoneos;
				SWIFT_ACTIVE_COMPILATION_CONDITIONS = DEBUG;
				SWIFT_OPTIMIZATION_LEVEL = "-Onone";
			};
			name = Debug;
		};
		FE200D9A2B7D19E500707B85 /* Release */ = {
			isa = XCBuildConfiguration;
			buildSettings = {
				ALWAYS_SEARCH_USER_PATHS = NO;
				CLANG_ANALYZER_NONNULL = YES;
				CLANG_ANALYZER_NUMBER_OBJECT_CONVERSION = YES_AGGRESSIVE;
				CLANG_CXX_LANGUAGE_STANDARD = "gnu++20";
				CLANG_ENABLE_MODULES = YES;
				CLANG_ENABLE_OBJC_ARC = YES;
				CLANG_ENABLE_OBJC_WEAK = YES;
				CLANG_WARN_BLOCK_CAPTURE_AUTORELEASING = YES;
				CLANG_WARN_BOOL_CONVERSION = YES;
				CLANG_WARN_COMMA = YES;
				CLANG_WARN_CONSTANT_CONVERSION = YES;
				CLANG_WARN_DEPRECATED_OBJC_IMPLEMENTATIONS = YES;
				CLANG_WARN_DIRECT_OBJC_ISA_USAGE = YES_ERROR;
				CLANG_WARN_DOCUMENTATION_COMMENTS = YES;
				CLANG_WARN_EMPTY_BODY = YES;
				CLANG_WARN_ENUM_CONVERSION = YES;
				CLANG_WARN_INFINITE_RECURSION = YES;
				CLANG_WARN_INT_CONVERSION = YES;
				CLANG_WARN_NON_LITERAL_NULL_CONVERSION = YES;
				CLANG_WARN_OBJC_IMPLICIT_RETAIN_SELF = YES;
				CLANG_WARN_OBJC_LITERAL_CONVERSION = YES;
				CLANG_WARN_OBJC_ROOT_CLASS = YES_ERROR;
				CLANG_WARN_QUOTED_INCLUDE_IN_FRAMEWORK_HEADER = YES;
				CLANG_WARN_RANGE_LOOP_ANALYSIS = YES;
				CLANG_WARN_STRICT_PROTOTYPES = YES;
				CLANG_WARN_SUSPICIOUS_MOVE = YES;
				CLANG_WARN_UNGUARDED_AVAILABILITY = YES_AGGRESSIVE;
				CLANG_WARN_UNREACHABLE_CODE = YES;
				CLANG_WARN__DUPLICATE_METHOD_MATCH = YES;
				COPY_PHASE_STRIP = NO;
				DEBUG_INFORMATION_FORMAT = "dwarf-with-dsym";
				ENABLE_NS_ASSERTIONS = NO;
				ENABLE_STRICT_OBJC_MSGSEND = YES;
				GCC_C_LANGUAGE_STANDARD = gnu11;
				GCC_NO_COMMON_BLOCKS = YES;
				GCC_WARN_64_TO_32_BIT_CONVERSION = YES;
				GCC_WARN_ABOUT_RETURN_TYPE = YES_ERROR;
				GCC_WARN_UNDECLARED_SELECTOR = YES;
				GCC_WARN_UNINITIALIZED_AUTOS = YES_AGGRESSIVE;
				GCC_WARN_UNUSED_FUNCTION = YES;
				GCC_WARN_UNUSED_VARIABLE = YES;
				IPHONEOS_DEPLOYMENT_TARGET = 16.4;
				MTL_ENABLE_DEBUG_INFO = NO;
				MTL_FAST_MATH = YES;
				SDKROOT = iphoneos;
				SWIFT_COMPILATION_MODE = wholemodule;
				SWIFT_OPTIMIZATION_LEVEL = "-O";
				VALIDATE_PRODUCT = YES;
			};
			name = Release;
		};
		FE200D9C2B7D19E500707B85 /* Debug */ = {
			isa = XCBuildConfiguration;
			buildSettings = {
				ASSETCATALOG_COMPILER_APPICON_NAME = AppIcon;
				ASSETCATALOG_COMPILER_GLOBAL_ACCENT_COLOR_NAME = AccentColor;
				CODE_SIGN_STYLE = Automatic;
				CURRENT_PROJECT_VERSION = 1;
				DEVELOPMENT_ASSET_PATHS = "\"TSA Engineering Design/Preview Content\"";
				DEVELOPMENT_TEAM = 2DH7G9PN4H;
				ENABLE_PREVIEWS = YES;
				GENERATE_INFOPLIST_FILE = YES;
				INFOPLIST_KEY_UIApplicationSceneManifest_Generation = YES;
				INFOPLIST_KEY_UIApplicationSupportsIndirectInputEvents = YES;
				INFOPLIST_KEY_UILaunchScreen_Generation = YES;
				INFOPLIST_KEY_UISupportedInterfaceOrientations_iPad = "UIInterfaceOrientationPortrait UIInterfaceOrientationPortraitUpsideDown UIInterfaceOrientationLandscapeLeft UIInterfaceOrientationLandscapeRight";
				INFOPLIST_KEY_UISupportedInterfaceOrientations_iPhone = "UIInterfaceOrientationPortrait UIInterfaceOrientationLandscapeLeft UIInterfaceOrientationLandscapeRight";
				LD_RUNPATH_SEARCH_PATHS = (
					"$(inherited)",
					"@executable_path/Frameworks",
				);
				MARKETING_VERSION = 1.0;
				PRODUCT_BUNDLE_IDENTIFIER = "AaronLin.TSA-Engineering-Design";
				PRODUCT_NAME = "$(TARGET_NAME)";
				SWIFT_EMIT_LOC_STRINGS = YES;
				SWIFT_VERSION = 5.0;
				TARGETED_DEVICE_FAMILY = "1,2";
			};
			name = Debug;
		};
		FE200D9D2B7D19E500707B85 /* Release */ = {
			isa = XCBuildConfiguration;
			buildSettings = {
				ASSETCATALOG_COMPILER_APPICON_NAME = AppIcon;
				ASSETCATALOG_COMPILER_GLOBAL_ACCENT_COLOR_NAME = AccentColor;
				CODE_SIGN_STYLE = Automatic;
				CURRENT_PROJECT_VERSION = 1;
				DEVELOPMENT_ASSET_PATHS = "\"TSA Engineering Design/Preview Content\"";
				DEVELOPMENT_TEAM = 2DH7G9PN4H;
				ENABLE_PREVIEWS = YES;
				GENERATE_INFOPLIST_FILE = YES;
				INFOPLIST_KEY_UIApplicationSceneManifest_Generation = YES;
				INFOPLIST_KEY_UIApplicationSupportsIndirectInputEvents = YES;
				INFOPLIST_KEY_UILaunchScreen_Generation = YES;
				INFOPLIST_KEY_UISupportedInterfaceOrientations_iPad = "UIInterfaceOrientationPortrait UIInterfaceOrientationPortraitUpsideDown UIInterfaceOrientationLandscapeLeft UIInterfaceOrientationLandscapeRight";
				INFOPLIST_KEY_UISupportedInterfaceOrientations_iPhone = "UIInterfaceOrientationPortrait UIInterfaceOrientationLandscapeLeft UIInterfaceOrientationLandscapeRight";
				LD_RUNPATH_SEARCH_PATHS = (
					"$(inherited)",
					"@executable_path/Frameworks",
				);
				MARKETING_VERSION = 1.0;
				PRODUCT_BUNDLE_IDENTIFIER = "AaronLin.TSA-Engineering-Design";
				PRODUCT_NAME = "$(TARGET_NAME)";
				SWIFT_EMIT_LOC_STRINGS = YES;
				SWIFT_VERSION = 5.0;
				TARGETED_DEVICE_FAMILY = "1,2";
			};
			name = Release;
		};
/* End XCBuildConfiguration section */

/* Begin XCConfigurationList section */
		FE200D882B7D19E400707B85 /* Build configuration list for PBXProject "TSA Engineering Design" */ = {
			isa = XCConfigurationList;
			buildConfigurations = (
				FE200D992B7D19E500707B85 /* Debug */,
				FE200D9A2B7D19E500707B85 /* Release */,
			);
			defaultConfigurationIsVisible = 0;
			defaultConfigurationName = Release;
		};
		FE200D9B2B7D19E500707B85 /* Build configuration list for PBXNativeTarget "TSA Engineering Design" */ = {
			isa = XCConfigurationList;
			buildConfigurations = (
				FE200D9C2B7D19E500707B85 /* Debug */,
				FE200D9D2B7D19E500707B85 /* Release */,
			);
			defaultConfigurationIsVisible = 0;
			defaultConfigurationName = Release;
		};
/* End XCConfigurationList section */
	};
	rootObject = FE200D852B7D19E400707B85 /* Project object */;
}
